{
    "_meta": {
        "hash": {
            "sha256": "0843fa355a0926df31533e788e077eff2ff6ac1810262de19beeec724189214a"
        },
        "pipfile-spec": 6,
        "requires": {
            "python_version": "3.9.12"
        },
        "sources": [
            {
                "name": "pypi",
                "url": "https://pypi.douban.com/simple",
                "verify_ssl": true
            }
        ]
    },
    "default": {},
    "develop": {}
}
